
Microsoft Visual Studio Solution File, Format Version 12.00
# Visual Studio 15
VisualStudioVersion = 15.0.26403.0
MinimumVisualStudioVersion = 10.0.40219.1
Project("{2150E333-8FDC-42A3-9474-1A3956D46DE8}") = "src", "src", "{A7C6F327-6E00-4D96-9AE7-60BF2DD50069}"
EndProject
Project("{2150E333-8FDC-42A3-9474-1A3956D46DE8}") = "Solution Items", "Solution Items", "{BFF99FDC-98EB-46DC-B516-FC8FB08ACEB8}"
	ProjectSection(SolutionItems) = preProject
		global.json = global.json
	EndProjectSection
EndProject
Project("{2150E333-8FDC-42A3-9474-1A3956D46DE8}") = "test", "test", "{5FDD29DE-4CB9-4C79-BBD4-8A61DA5676E6}"
EndProject
Project("{8BB2217D-0F2D-49D1-97BC-3654ED321F3B}") = "Microsoft.Azure.ServiceBus.UnitTests", "test\Microsoft.Azure.ServiceBus.UnitTests\Microsoft.Azure.ServiceBus.UnitTests.xproj", "{BDA98E20-3A26-4A5A-9371-CB02B73E3434}"
EndProject
Project("{2150E333-8FDC-42A3-9474-1A3956D46DE8}") = "samples", "samples", "{7DEB55BB-1957-4A19-ACBC-B413CA68DC4B}"
EndProject
Project("{9A19103F-16F7-4668-BE54-9A1E7A4F7556}") = "Microsoft.Azure.ServiceBus", "src\Microsoft.Azure.ServiceBus\Microsoft.Azure.ServiceBus.csproj", "{1659A0F3-B201-4370-88A6-0D9B8EC62275}"
EndProject
Project("{9A19103F-16F7-4668-BE54-9A1E7A4F7556}") = "SendSample", "samples\SendSample\SendSample.csproj", "{64488393-3B81-40EF-A4FF-656CABE59D90}"
EndProject
Project("{9A19103F-16F7-4668-BE54-9A1E7A4F7556}") = "ReceiveSample", "samples\ReceiveSample\ReceiveSample.csproj", "{59F0B771-775F-49AA-8A95-3714776BBD86}"
EndProject
Global
	GlobalSection(SolutionConfigurationPlatforms) = preSolution
		Debug|Any CPU = Debug|Any CPU
		Release|Any CPU = Release|Any CPU
	EndGlobalSection
	GlobalSection(ProjectConfigurationPlatforms) = postSolution
		{BDA98E20-3A26-4A5A-9371-CB02B73E3434}.Debug|Any CPU.ActiveCfg = Debug|Any CPU
		{BDA98E20-3A26-4A5A-9371-CB02B73E3434}.Debug|Any CPU.Build.0 = Debug|Any CPU
		{BDA98E20-3A26-4A5A-9371-CB02B73E3434}.Release|Any CPU.ActiveCfg = Release|Any CPU
		{BDA98E20-3A26-4A5A-9371-CB02B73E3434}.Release|Any CPU.Build.0 = Release|Any CPU
		{1659A0F3-B201-4370-88A6-0D9B8EC62275}.Debug|Any CPU.ActiveCfg = Debug|Any CPU
		{1659A0F3-B201-4370-88A6-0D9B8EC62275}.Debug|Any CPU.Build.0 = Debug|Any CPU
		{1659A0F3-B201-4370-88A6-0D9B8EC62275}.Release|Any CPU.ActiveCfg = Release|Any CPU
		{1659A0F3-B201-4370-88A6-0D9B8EC62275}.Release|Any CPU.Build.0 = Release|Any CPU
		{64488393-3B81-40EF-A4FF-656CABE59D90}.Debug|Any CPU.ActiveCfg = Debug|Any CPU
		{64488393-3B81-40EF-A4FF-656CABE59D90}.Debug|Any CPU.Build.0 = Debug|Any CPU
		{64488393-3B81-40EF-A4FF-656CABE59D90}.Release|Any CPU.ActiveCfg = Release|Any CPU
		{64488393-3B81-40EF-A4FF-656CABE59D90}.Release|Any CPU.Build.0 = Release|Any CPU
		{59F0B771-775F-49AA-8A95-3714776BBD86}.Debug|Any CPU.ActiveCfg = Debug|Any CPU
		{59F0B771-775F-49AA-8A95-3714776BBD86}.Debug|Any CPU.Build.0 = Debug|Any CPU
		{59F0B771-775F-49AA-8A95-3714776BBD86}.Release|Any CPU.ActiveCfg = Release|Any CPU
		{59F0B771-775F-49AA-8A95-3714776BBD86}.Release|Any CPU.Build.0 = Release|Any CPU
	EndGlobalSection
	GlobalSection(SolutionProperties) = preSolution
		HideSolutionNode = FALSE
	EndGlobalSection
	GlobalSection(NestedProjects) = preSolution
		{BDA98E20-3A26-4A5A-9371-CB02B73E3434} = {5FDD29DE-4CB9-4C79-BBD4-8A61DA5676E6}
		{1659A0F3-B201-4370-88A6-0D9B8EC62275} = {A7C6F327-6E00-4D96-9AE7-60BF2DD50069}
		{64488393-3B81-40EF-A4FF-656CABE59D90} = {7DEB55BB-1957-4A19-ACBC-B413CA68DC4B}
		{59F0B771-775F-49AA-8A95-3714776BBD86} = {7DEB55BB-1957-4A19-ACBC-B413CA68DC4B}
	EndGlobalSection
EndGlobal
